
Microsoft Visual Studio Solution File, Format Version 12.00
# Visual Studio Version 17
VisualStudioVersion = 17.6.33717.318
MinimumVisualStudioVersion = 10.0.40219.1
Project("{FAE04EC0-301F-11D3-BF4B-00C04F79EFBC}") = "SchoolSocialMediaServer", "SchoolSocialMediaServer\SchoolSocialMediaServer.csproj", "{DB3E0B69-F27F-446F-9F75-59D8D6AE7289}"
EndProject
Global
	GlobalSection(SolutionConfigurationPlatforms) = preSolution
		Debug|Any CPU = Debug|Any CPU
		Release|Any CPU = Release|Any CPU
	EndGlobalSection
	GlobalSection(ProjectConfigurationPlatforms) = postSolution
		{DB3E0B69-F27F-446F-9F75-59D8D6AE7289}.Debug|Any CPU.ActiveCfg = Debug|Any CPU
		{DB3E0B69-F27F-446F-9F75-59D8D6AE7289}.Debug|Any CPU.Build.0 = Debug|Any CPU
		{DB3E0B69-F27F-446F-9F75-59D8D6AE7289}.Release|Any CPU.ActiveCfg = Release|Any CPU
		{DB3E0B69-F27F-446F-9F75-59D8D6AE7289}.Release|Any CPU.Build.0 = Release|Any CPU
	EndGlobalSection
	GlobalSection(SolutionProperties) = preSolution
		HideSolutionNode = FALSE
	EndGlobalSection
	GlobalSection(ExtensibilityGlobals) = postSolution
		SolutionGuid = {AE554833-2227-474D-90F4-F0E5DEC34C31}
	EndGlobalSection
EndGlobal
